{
  "name": "platforms_clone",
  "version": "1.0.0",
  "lockfileVersion": 3,
  "requires": true,
  "packages": {
    "": {
      "name": "platforms_clone",
      "version": "1.0.0",
      "license": "ISC",
      "dependencies": {
        "@romiraxp/platforms": "^1.0.0"
      },
      "devDependencies": {}
    },
    "node_modules/@romiraxp/platforms": {
      "version": "1.0.0",
      "resolved": "https://npm.pkg.github.com/download/@romiraxp/platforms/1.0.0/25487222297a86a963a748e18bee8bab04751b7a",
      "integrity": "sha512-TTdtOpaXUPZ04ibt6w9clVMvwaM1ooTRKMlog5LDby7Bbyg2dA0EESGwmxZwUaeVPL4oEBZyQlOoVBdlgxXwyA==",
      "license": "ISC"
    }
  }
}
